// !$*UTF8*$!
{
	archiveVersion = 1;
	classes = {
	};
	objectVersion = 50;
	objects = {

/* Begin PBXBuildFile section */
		047BF2C223CF7BE10070CFA5 /* AppDelegate.swift in Sources */ = {isa = PBXBuildFile; fileRef = 047BF2C123CF7BE10070CFA5 /* AppDelegate.swift */; };
		047BF2C423CF7BE10070CFA5 /* SceneDelegate.swift in Sources */ = {isa = PBXBuildFile; fileRef = 047BF2C323CF7BE10070CFA5 /* SceneDelegate.swift */; };
		047BF2C623CF7BE10070CFA5 /* ContentView.swift in Sources */ = {isa = PBXBuildFile; fileRef = 047BF2C523CF7BE10070CFA5 /* ContentView.swift */; };
		047BF2C823CF7BE20070CFA5 /* Assets.xcassets in Resources */ = {isa = PBXBuildFile; fileRef = 047BF2C723CF7BE20070CFA5 /* Assets.xcassets */; };
		047BF2CB23CF7BE30070CFA5 /* Preview Assets.xcassets in Resources */ = {isa = PBXBuildFile; fileRef = 047BF2CA23CF7BE30070CFA5 /* Preview Assets.xcassets */; };
		047BF2CE23CF7BE30070CFA5 /* LaunchScreen.storyboard in Resources */ = {isa = PBXBuildFile; fileRef = 047BF2CC23CF7BE30070CFA5 /* LaunchScreen.storyboard */; };
		04A7636923D19A3100483329 /* Task.swift in Sources */ = {isa = PBXBuildFile; fileRef = 04A7636823D19A3100483329 /* Task.swift */; };
		04A7636C23D236D800483329 /* FancyTimer.swift in Sources */ = {isa = PBXBuildFile; fileRef = 04A7636B23D236D800483329 /* FancyTimer.swift */; };
		04B3127823E8BA74001D63CE /* UserSettings.swift in Sources */ = {isa = PBXBuildFile; fileRef = 04B3127723E8BA74001D63CE /* UserSettings.swift */; };
		04B3127A23E8BCDD001D63CE /* FancyScoreView.swift in Sources */ = {isa = PBXBuildFile; fileRef = 04B3127923E8BCDD001D63CE /* FancyScoreView.swift */; };
/* End PBXBuildFile section */

/* Begin PBXFileReference section */
		047BF2BE23CF7BE10070CFA5 /* CombineHelloSwiftUI.app */ = {isa = PBXFileReference; explicitFileType = wrapper.application; includeInIndex = 0; path = CombineHelloSwiftUI.app; sourceTree = BUILT_PRODUCTS_DIR; };
		047BF2C123CF7BE10070CFA5 /* AppDelegate.swift */ = {isa = PBXFileReference; lastKnownFileType = sourcecode.swift; path = AppDelegate.swift; sourceTree = "<group>"; };
		047BF2C323CF7BE10070CFA5 /* SceneDelegate.swift */ = {isa = PBXFileReference; lastKnownFileType = sourcecode.swift; path = SceneDelegate.swift; sourceTree = "<group>"; };
		047BF2C523CF7BE10070CFA5 /* ContentView.swift */ = {isa = PBXFileReference; lastKnownFileType = sourcecode.swift; path = ContentView.swift; sourceTree = "<group>"; };
		047BF2C723CF7BE20070CFA5 /* Assets.xcassets */ = {isa = PBXFileReference; lastKnownFileType = folder.assetcatalog; path = Assets.xcassets; sourceTree = "<group>"; };
		047BF2CA23CF7BE30070CFA5 /* Preview Assets.xcassets */ = {isa = PBXFileReference; lastKnownFileType = folder.assetcatalog; path = "Preview Assets.xcassets"; sourceTree = "<group>"; };
		047BF2CD23CF7BE30070CFA5 /* Base */ = {isa = PBXFileReference; lastKnownFileType = file.storyboard; name = Base; path = Base.lproj/LaunchScreen.storyboard; sourceTree = "<group>"; };
		047BF2CF23CF7BE30070CFA5 /* Info.plist */ = {isa = PBXFileReference; lastKnownFileType = text.plist.xml; path = Info.plist; sourceTree = "<group>"; };
		04A7636823D19A3100483329 /* Task.swift */ = {isa = PBXFileReference; lastKnownFileType = sourcecode.swift; path = Task.swift; sourceTree = "<group>"; };
		04A7636B23D236D800483329 /* FancyTimer.swift */ = {isa = PBXFileReference; lastKnownFileType = sourcecode.swift; path = FancyTimer.swift; sourceTree = "<group>"; };
		04B3127723E8BA74001D63CE /* UserSettings.swift */ = {isa = PBXFileReference; lastKnownFileType = sourcecode.swift; path = UserSettings.swift; sourceTree = "<group>"; };
		04B3127923E8BCDD001D63CE /* FancyScoreView.swift */ = {isa = PBXFileReference; lastKnownFileType = sourcecode.swift; path = FancyScoreView.swift; sourceTree = "<group>"; };
/* End PBXFileReference section */

/* Begin PBXFrameworksBuildPhase section */
		047BF2BB23CF7BE10070CFA5 /* Frameworks */ = {
			isa = PBXFrameworksBuildPhase;
			buildActionMask = 2147483647;
			files = (
			);
			runOnlyForDeploymentPostprocessing = 0;
		};
/* End PBXFrameworksBuildPhase section */

/* Begin PBXGroup section */
		047BF2B523CF7BE10070CFA5 = {
			isa = PBXGroup;
			children = (
				04A7636623D19A0F00483329 /* Lib */,
				047BF2C023CF7BE10070CFA5 /* CombineHelloSwiftUI */,
				047BF2BF23CF7BE10070CFA5 /* Products */,
			);
			sourceTree = "<group>";
		};
		047BF2BF23CF7BE10070CFA5 /* Products */ = {
			isa = PBXGroup;
			children = (
				047BF2BE23CF7BE10070CFA5 /* CombineHelloSwiftUI.app */,
			);
			name = Products;
			sourceTree = "<group>";
		};
		047BF2C023CF7BE10070CFA5 /* CombineHelloSwiftUI */ = {
			isa = PBXGroup;
			children = (
				047BF2C123CF7BE10070CFA5 /* AppDelegate.swift */,
				047BF2C323CF7BE10070CFA5 /* SceneDelegate.swift */,
				04B3127923E8BCDD001D63CE /* FancyScoreView.swift */,
				047BF2C523CF7BE10070CFA5 /* ContentView.swift */,
				047BF2C723CF7BE20070CFA5 /* Assets.xcassets */,
				047BF2CC23CF7BE30070CFA5 /* LaunchScreen.storyboard */,
				047BF2CF23CF7BE30070CFA5 /* Info.plist */,
				047BF2C923CF7BE30070CFA5 /* Preview Content */,
			);
			path = CombineHelloSwiftUI;
			sourceTree = "<group>";
		};
		047BF2C923CF7BE30070CFA5 /* Preview Content */ = {
			isa = PBXGroup;
			children = (
				047BF2CA23CF7BE30070CFA5 /* Preview Assets.xcassets */,
			);
			path = "Preview Content";
			sourceTree = "<group>";
		};
		04A7636623D19A0F00483329 /* Lib */ = {
			isa = PBXGroup;
			children = (
				04A7636A23D236C700483329 /* Utils */,
				04A7636723D19A1F00483329 /* Models */,
			);
			path = Lib;
			sourceTree = "<group>";
		};
		04A7636723D19A1F00483329 /* Models */ = {
			isa = PBXGroup;
			children = (
				04A7636823D19A3100483329 /* Task.swift */,
			);
			path = Models;
			sourceTree = "<group>";
		};
		04A7636A23D236C700483329 /* Utils */ = {
			isa = PBXGroup;
			children = (
				04A7636B23D236D800483329 /* FancyTimer.swift */,
				04B3127723E8BA74001D63CE /* UserSettings.swift */,
			);
			path = Utils;
			sourceTree = "<group>";
		};
/* End PBXGroup section */

/* Begin PBXNativeTarget section */
		047BF2BD23CF7BE10070CFA5 /* CombineHelloSwiftUI */ = {
			isa = PBXNativeTarget;
			buildConfigurationList = 047BF2D223CF7BE30070CFA5 /* Build configuration list for PBXNativeTarget "CombineHelloSwiftUI" */;
			buildPhases = (
				047BF2BA23CF7BE10070CFA5 /* Sources */,
				047BF2BB23CF7BE10070CFA5 /* Frameworks */,
				047BF2BC23CF7BE10070CFA5 /* Resources */,
			);
			buildRules = (
			);
			dependencies = (
			);
			name = CombineHelloSwiftUI;
			productName = CombineHelloSwiftUI;
			productReference = 047BF2BE23CF7BE10070CFA5 /* CombineHelloSwiftUI.app */;
			productType = "com.apple.product-type.application";
		};
/* End PBXNativeTarget section */

/* Begin PBXProject section */
		047BF2B623CF7BE10070CFA5 /* Project object */ = {
			isa = PBXProject;
			attributes = {
				LastSwiftUpdateCheck = 1130;
				LastUpgradeCheck = 1130;
				ORGANIZATIONNAME = Lammax;
				TargetAttributes = {
					047BF2BD23CF7BE10070CFA5 = {
						CreatedOnToolsVersion = 11.3;
					};
				};
			};
			buildConfigurationList = 047BF2B923CF7BE10070CFA5 /* Build configuration list for PBXProject "CombineHelloSwiftUI" */;
			compatibilityVersion = "Xcode 9.3";
			developmentRegion = en;
			hasScannedForEncodings = 0;
			knownRegions = (
				en,
				Base,
			);
			mainGroup = 047BF2B523CF7BE10070CFA5;
			productRefGroup = 047BF2BF23CF7BE10070CFA5 /* Products */;
			projectDirPath = "";
			projectRoot = "";
			targets = (
				047BF2BD23CF7BE10070CFA5 /* CombineHelloSwiftUI */,
			);
		};
/* End PBXProject section */

/* Begin PBXResourcesBuildPhase section */
		047BF2BC23CF7BE10070CFA5 /* Resources */ = {
			isa = PBXResourcesBuildPhase;
			buildActionMask = 2147483647;
			files = (
				047BF2CE23CF7BE30070CFA5 /* LaunchScreen.storyboard in Resources */,
				047BF2CB23CF7BE30070CFA5 /* Preview Assets.xcassets in Resources */,
				047BF2C823CF7BE20070CFA5 /* Assets.xcassets in Resources */,
			);
			runOnlyForDeploymentPostprocessing = 0;
		};
/* End PBXResourcesBuildPhase section */

/* Begin PBXSourcesBuildPhase section */
		047BF2BA23CF7BE10070CFA5 /* Sources */ = {
			isa = PBXSourcesBuildPhase;
			buildActionMask = 2147483647;
			files = (
				04A7636C23D236D800483329 /* FancyTimer.swift in Sources */,
				04B3127823E8BA74001D63CE /* UserSettings.swift in Sources */,
				04A7636923D19A3100483329 /* Task.swift in Sources */,
				047BF2C223CF7BE10070CFA5 /* AppDelegate.swift in Sources */,
				047BF2C423CF7BE10070CFA5 /* SceneDelegate.swift in Sources */,
				047BF2C623CF7BE10070CFA5 /* ContentView.swift in Sources */,
				04B3127A23E8BCDD001D63CE /* FancyScoreView.swift in Sources */,
			);
			runOnlyForDeploymentPostprocessing = 0;
		};
/* End PBXSourcesBuildPhase section */

/* Begin PBXVariantGroup section */
		047BF2CC23CF7BE30070CFA5 /* LaunchScreen.storyboard */ = {
			isa = PBXVariantGroup;
			children = (
				047BF2CD23CF7BE30070CFA5 /* Base */,
			);
			name = LaunchScreen.storyboard;
			sourceTree = "<group>";
		};
/* End PBXVariantGroup section */

/* Begin XCBuildConfiguration section */
		047BF2D023CF7BE30070CFA5 /* Debug */ = {
			isa = XCBuildConfiguration;
			buildSettings = {
				ALWAYS_SEARCH_USER_PATHS = NO;
				CLANG_ANALYZER_NONNULL = YES;
				CLANG_ANALYZER_NUMBER_OBJECT_CONVERSION = YES_AGGRESSIVE;
				CLANG_CXX_LANGUAGE_STANDARD = "gnu++14";
				CLANG_CXX_LIBRARY = "libc++";
				CLANG_ENABLE_MODULES = YES;
				CLANG_ENABLE_OBJC_ARC = YES;
				CLANG_ENABLE_OBJC_WEAK = YES;
				CLANG_WARN_BLOCK_CAPTURE_AUTORELEASING = YES;
				CLANG_WARN_BOOL_CONVERSION = YES;
				CLANG_WARN_COMMA = YES;
				CLANG_WARN_CONSTANT_CONVERSION = YES;
				CLANG_WARN_DEPRECATED_OBJC_IMPLEMENTATIONS = YES;
				CLANG_WARN_DIRECT_OBJC_ISA_USAGE = YES_ERROR;
				CLANG_WARN_DOCUMENTATION_COMMENTS = YES;
				CLANG_WARN_EMPTY_BODY = YES;
				CLANG_WARN_ENUM_CONVERSION = YES;
				CLANG_WARN_INFINITE_RECURSION = YES;
				CLANG_WARN_INT_CONVERSION = YES;
				CLANG_WARN_NON_LITERAL_NULL_CONVERSION = YES;
				CLANG_WARN_OBJC_IMPLICIT_RETAIN_SELF = YES;
				CLANG_WARN_OBJC_LITERAL_CONVERSION = YES;
				CLANG_WARN_OBJC_ROOT_CLASS = YES_ERROR;
				CLANG_WARN_RANGE_LOOP_ANALYSIS = YES;
				CLANG_WARN_STRICT_PROTOTYPES = YES;
				CLANG_WARN_SUSPICIOUS_MOVE = YES;
				CLANG_WARN_UNGUARDED_AVAILABILITY = YES_AGGRESSIVE;
				CLANG_WARN_UNREACHABLE_CODE = YES;
				CLANG_WARN__DUPLICATE_METHOD_MATCH = YES;
				COPY_PHASE_STRIP = NO;
				DEBUG_INFORMATION_FORMAT = dwarf;
				ENABLE_STRICT_OBJC_MSGSEND = YES;
				ENABLE_TESTABILITY = YES;
				GCC_C_LANGUAGE_STANDARD = gnu11;
				GCC_DYNAMIC_NO_PIC = NO;
				GCC_NO_COMMON_BLOCKS = YES;
				GCC_OPTIMIZATION_LEVEL = 0;
				GCC_PREPROCESSOR_DEFINITIONS = (
					"DEBUG=1",
					"$(inherited)",
				);
				GCC_WARN_64_TO_32_BIT_CONVERSION = YES;
				GCC_WARN_ABOUT_RETURN_TYPE = YES_ERROR;
				GCC_WARN_UNDECLARED_SELECTOR = YES;
				GCC_WARN_UNINITIALIZED_AUTOS = YES_AGGRESSIVE;
				GCC_WARN_UNUSED_FUNCTION = YES;
				GCC_WARN_UNUSED_VARIABLE = YES;
				IPHONEOS_DEPLOYMENT_TARGET = 13.2;
				MTL_ENABLE_DEBUG_INFO = INCLUDE_SOURCE;
				MTL_FAST_MATH = YES;
				ONLY_ACTIVE_ARCH = YES;
				SDKROOT = iphoneos;
				SWIFT_ACTIVE_COMPILATION_CONDITIONS = DEBUG;
				SWIFT_OPTIMIZATION_LEVEL = "-Onone";
			};
			name = Debug;
		};
		047BF2D123CF7BE30070CFA5 /* Release */ = {
			isa = XCBuildConfiguration;
			buildSettings = {
				ALWAYS_SEARCH_USER_PATHS = NO;
				CLANG_ANALYZER_NONNULL = YES;
				CLANG_ANALYZER_NUMBER_OBJECT_CONVERSION = YES_AGGRESSIVE;
				CLANG_CXX_LANGUAGE_STANDARD = "gnu++14";
				CLANG_CXX_LIBRARY = "libc++";
				CLANG_ENABLE_MODULES = YES;
				CLANG_ENABLE_OBJC_ARC = YES;
				CLANG_ENABLE_OBJC_WEAK = YES;
				CLANG_WARN_BLOCK_CAPTURE_AUTORELEASING = YES;
				CLANG_WARN_BOOL_CONVERSION = YES;
				CLANG_WARN_COMMA = YES;
				CLANG_WARN_CONSTANT_CONVERSION = YES;
				CLANG_WARN_DEPRECATED_OBJC_IMPLEMENTATIONS = YES;
				CLANG_WARN_DIRECT_OBJC_ISA_USAGE = YES_ERROR;
				CLANG_WARN_DOCUMENTATION_COMMENTS = YES;
				CLANG_WARN_EMPTY_BODY = YES;
				CLANG_WARN_ENUM_CONVERSION = YES;
				CLANG_WARN_INFINITE_RECURSION = YES;
				CLANG_WARN_INT_CONVERSION = YES;
				CLANG_WARN_NON_LITERAL_NULL_CONVERSION = YES;
				CLANG_WARN_OBJC_IMPLICIT_RETAIN_SELF = YES;
				CLANG_WARN_OBJC_LITERAL_CONVERSION = YES;
				CLANG_WARN_OBJC_ROOT_CLASS = YES_ERROR;
				CLANG_WARN_RANGE_LOOP_ANALYSIS = YES;
				CLANG_WARN_STRICT_PROTOTYPES = YES;
				CLANG_WARN_SUSPICIOUS_MOVE = YES;
				CLANG_WARN_UNGUARDED_AVAILABILITY = YES_AGGRESSIVE;
				CLANG_WARN_UNREACHABLE_CODE = YES;
				CLANG_WARN__DUPLICATE_METHOD_MATCH = YES;
				COPY_PHASE_STRIP = NO;
				DEBUG_INFORMATION_FORMAT = "dwarf-with-dsym";
				ENABLE_NS_ASSERTIONS = NO;
				ENABLE_STRICT_OBJC_MSGSEND = YES;
				GCC_C_LANGUAGE_STANDARD = gnu11;
				GCC_NO_COMMON_BLOCKS = YES;
				GCC_WARN_64_TO_32_BIT_CONVERSION = YES;
				GCC_WARN_ABOUT_RETURN_TYPE = YES_ERROR;
				GCC_WARN_UNDECLARED_SELECTOR = YES;
				GCC_WARN_UNINITIALIZED_AUTOS = YES_AGGRESSIVE;
				GCC_WARN_UNUSED_FUNCTION = YES;
				GCC_WARN_UNUSED_VARIABLE = YES;
				IPHONEOS_DEPLOYMENT_TARGET = 13.2;
				MTL_ENABLE_DEBUG_INFO = NO;
				MTL_FAST_MATH = YES;
				SDKROOT = iphoneos;
				SWIFT_COMPILATION_MODE = wholemodule;
				SWIFT_OPTIMIZATION_LEVEL = "-O";
				VALIDATE_PRODUCT = YES;
			};
			name = Release;
		};
		047BF2D323CF7BE30070CFA5 /* Debug */ = {
			isa = XCBuildConfiguration;
			buildSettings = {
				ASSETCATALOG_COMPILER_APPICON_NAME = AppIcon;
				CODE_SIGN_STYLE = Automatic;
				DEVELOPMENT_ASSET_PATHS = "\"CombineHelloSwiftUI/Preview Content\"";
				DEVELOPMENT_TEAM = Z8JVJD6M2F;
				ENABLE_PREVIEWS = YES;
				INFOPLIST_FILE = CombineHelloSwiftUI/Info.plist;
				LD_RUNPATH_SEARCH_PATHS = (
					"$(inherited)",
					"@executable_path/Frameworks",
				);
				PRODUCT_BUNDLE_IDENTIFIER = com.lammax.ios.study.CombineHelloSwiftUI;
				PRODUCT_NAME = "$(TARGET_NAME)";
				SWIFT_VERSION = 5.0;
				TARGETED_DEVICE_FAMILY = "1,2";
			};
			name = Debug;
		};
		047BF2D423CF7BE30070CFA5 /* Release */ = {
			isa = XCBuildConfiguration;
			buildSettings = {
				ASSETCATALOG_COMPILER_APPICON_NAME = AppIcon;
				CODE_SIGN_STYLE = Automatic;
				DEVELOPMENT_ASSET_PATHS = "\"CombineHelloSwiftUI/Preview Content\"";
				DEVELOPMENT_TEAM = Z8JVJD6M2F;
				ENABLE_PREVIEWS = YES;
				INFOPLIST_FILE = CombineHelloSwiftUI/Info.plist;
				LD_RUNPATH_SEARCH_PATHS = (
					"$(inherited)",
					"@executable_path/Frameworks",
				);
				PRODUCT_BUNDLE_IDENTIFIER = com.lammax.ios.study.CombineHelloSwiftUI;
				PRODUCT_NAME = "$(TARGET_NAME)";
				SWIFT_VERSION = 5.0;
				TARGETED_DEVICE_FAMILY = "1,2";
			};
			name = Release;
		};
/* End XCBuildConfiguration section */

/* Begin XCConfigurationList section */
		047BF2B923CF7BE10070CFA5 /* Build configuration list for PBXProject "CombineHelloSwiftUI" */ = {
			isa = XCConfigurationList;
			buildConfigurations = (
				047BF2D023CF7BE30070CFA5 /* Debug */,
				047BF2D123CF7BE30070CFA5 /* Release */,
			);
			defaultConfigurationIsVisible = 0;
			defaultConfigurationName = Release;
		};
		047BF2D223CF7BE30070CFA5 /* Build configuration list for PBXNativeTarget "CombineHelloSwiftUI" */ = {
			isa = XCConfigurationList;
			buildConfigurations = (
				047BF2D323CF7BE30070CFA5 /* Debug */,
				047BF2D423CF7BE30070CFA5 /* Release */,
			);
			defaultConfigurationIsVisible = 0;
			defaultConfigurationName = Release;
		};
/* End XCConfigurationList section */
	};
	rootObject = 047BF2B623CF7BE10070CFA5 /* Project object */;
}
